
Microsoft Visual Studio Solution File, Format Version 12.00
# Visual Studio Version 16
VisualStudioVersion = 16.0.31613.86
MinimumVisualStudioVersion = 10.0.40219.1
Project("{9A19103F-16F7-4668-BE54-9A1E7A4F7556}") = "Övning 1", "Övningar\Övning 1.csproj", "{1BF3DD22-BA0F-4F64-9766-7F1E700A9BA9}"
EndProject
Project("{9A19103F-16F7-4668-BE54-9A1E7A4F7556}") = "Övning 2", "Övning 2\Övning 2.csproj", "{4BDC28F7-F254-4525-A15B-0BAE3DFA44FA}"
EndProject
Project("{9A19103F-16F7-4668-BE54-9A1E7A4F7556}") = "Övning 3", "Övning 3\Övning 3.csproj", "{F383B6AE-8FEC-439C-80DF-E10FFD9BEB88}"
EndProject
Project("{9A19103F-16F7-4668-BE54-9A1E7A4F7556}") = "Övning 4", "Övning 4\Övning 4.csproj", "{370D62CD-FDDA-4604-B369-8574194A1561}"
EndProject
Project("{9A19103F-16F7-4668-BE54-9A1E7A4F7556}") = "Övning 5", "Övning 5\Övning 5.csproj", "{0EA9936C-E445-425D-BF90-669B00224EB6}"
EndProject
Project("{9A19103F-16F7-4668-BE54-9A1E7A4F7556}") = "Övning 6", "Övning 6\Övning 6.csproj", "{59C2E327-DEEE-47DD-8460-8F7FB921BD71}"
EndProject
Project("{9A19103F-16F7-4668-BE54-9A1E7A4F7556}") = "Övning 7", "Övning 7\Övning 7.csproj", "{C9163233-3A5A-44F8-BC1C-4D46EFD752E7}"
EndProject
Project("{9A19103F-16F7-4668-BE54-9A1E7A4F7556}") = "Övning 8", "Övning 8\Övning 8.csproj", "{85C0B892-9AF7-4F72-ADC3-1DBB66739F07}"
EndProject
Project("{9A19103F-16F7-4668-BE54-9A1E7A4F7556}") = "Övning 9", "Övning 9\Övning 9.csproj", "{7D350C36-9B16-485E-BFC3-D1861A2DA9F2}"
EndProject
Project("{9A19103F-16F7-4668-BE54-9A1E7A4F7556}") = "Övning 10", "Övning 10\Övning 10.csproj", "{A434F313-E3C3-4C8A-BB87-B4DDE4B232C5}"
EndProject
Project("{9A19103F-16F7-4668-BE54-9A1E7A4F7556}") = "Övning 11", "Övning 11\Övning 11.csproj", "{3F3D1723-80E5-4B88-8ABB-7DB13EF9EE01}"
EndProject
Project("{9A19103F-16F7-4668-BE54-9A1E7A4F7556}") = "OOP Övning", "OOP Övning\OOP Övning.csproj", "{08C266B2-6552-44CF-9B97-4F5823722E5A}"
EndProject
Project("{9A19103F-16F7-4668-BE54-9A1E7A4F7556}") = "Övning 19", "Övning 19\Övning 19.csproj", "{1BC975DE-BF33-4F88-A90E-9C462FCB2B7B}"
EndProject
Project("{9A19103F-16F7-4668-BE54-9A1E7A4F7556}") = "Övning 12", "Övning 12\Övning 12.csproj", "{94A7E121-04BA-4CD4-B760-C46D65433FBF}"
EndProject
Project("{9A19103F-16F7-4668-BE54-9A1E7A4F7556}") = "Övning 13", "Övning 13\Övning 13.csproj", "{D3EDCD28-FB8B-42A2-9C9C-2FF9E5AB2890}"
EndProject
Project("{9A19103F-16F7-4668-BE54-9A1E7A4F7556}") = "Övning 14", "Övning 14\Övning 14.csproj", "{125A8F6E-48EC-4C4F-A33C-31C11976A5F0}"
EndProject
Project("{9A19103F-16F7-4668-BE54-9A1E7A4F7556}") = "Övning 15", "Övning 15\Övning 15.csproj", "{3183A029-A3E2-47CF-B4F2-497AFB5CADDF}"
EndProject
Project("{9A19103F-16F7-4668-BE54-9A1E7A4F7556}") = "Övning 16", "Övning 16\Övning 16.csproj", "{C3211A8F-5EB7-4049-BC0E-80758B7A8FBB}"
EndProject
Project("{9A19103F-16F7-4668-BE54-9A1E7A4F7556}") = "Övning 17", "Övning 17\Övning 17.csproj", "{FDCF2A6F-059D-4DCC-9DDC-FDE9132B25FF}"
EndProject
Project("{9A19103F-16F7-4668-BE54-9A1E7A4F7556}") = "Övning 18", "Övning 18\Övning 18.csproj", "{FB29A1A4-5A5E-4D55-A0ED-09E0DD27F3C0}"
EndProject
Project("{9A19103F-16F7-4668-BE54-9A1E7A4F7556}") = "WinFormsDemo", "WinFormsDemo\WinFormsDemo.csproj", "{1BB610B6-B165-46E7-8DB8-04D0A41CA0FE}"
EndProject
Project("{9A19103F-16F7-4668-BE54-9A1E7A4F7556}") = "WPFDemo", "WPFDemo\WPFDemo.csproj", "{84C90E65-A2F5-4F9A-AEEC-392834369332}"
EndProject
Project("{FAE04EC0-301F-11D3-BF4B-00C04F79EFBC}") = "WPFTextEditor", "WPFTextEditor\WPFTextEditor.csproj", "{B1543EE7-28A1-4B40-8E72-3A6C309D959F}"
EndProject
Project("{FAE04EC0-301F-11D3-BF4B-00C04F79EFBC}") = "DataBindings", "DataBindings\DataBindings.csproj", "{83BD0160-F452-4B80-A25C-0C073882AAA2}"
EndProject
Project("{9A19103F-16F7-4668-BE54-9A1E7A4F7556}") = "Övning 25", "Övning 25\Övning 25.csproj", "{61882537-D8A2-49F4-8C96-21B6A68B9D86}"
EndProject
Project("{9A19103F-16F7-4668-BE54-9A1E7A4F7556}") = "Övning 22", "Övning 20\Övning 22.csproj", "{DA89C955-88C8-4CB0-803F-F6FEB500785B}"
EndProject
Project("{9A19103F-16F7-4668-BE54-9A1E7A4F7556}") = "Övning 23", "Övning 23\Övning 23.csproj", "{77A497A9-F274-4FE0-BAF0-05B69B32B8A1}"
EndProject
Project("{FAE04EC0-301F-11D3-BF4B-00C04F79EFBC}") = "WPF Textbox + Knapp", "WPF Textbox + Knapp\WPF Textbox + Knapp.csproj", "{8CB06239-C535-4B0B-B3AB-A872110F8F25}"
EndProject
Project("{FAE04EC0-301F-11D3-BF4B-00C04F79EFBC}") = "Enable Disable Knappar", "Enable Disable Knappar\Enable Disable Knappar.csproj", "{7A0C2A2F-181F-4723-9968-F2EA8E9F5E02}"
EndProject
Project("{FAE04EC0-301F-11D3-BF4B-00C04F79EFBC}") = "NumericUpDown", "NumericUpDown\NumericUpDown.csproj", "{08BA3EEB-7C30-411B-933B-417E23B46C3D}"
EndProject
Project("{FAE04EC0-301F-11D3-BF4B-00C04F79EFBC}") = "StenSaxPåse", "StenSaxPåse\StenSaxPåse.csproj", "{725FAEEE-D1EC-476E-BC81-4F10D5EDF49C}"
EndProject
Project("{FAE04EC0-301F-11D3-BF4B-00C04F79EFBC}") = "ReadAndWrite", "ReadAndWrite\ReadAndWrite.csproj", "{029928B6-1600-4010-BD29-72495CF6AE4B}"
EndProject
Project("{FAE04EC0-301F-11D3-BF4B-00C04F79EFBC}") = "MVVM Demo", "MVVM Demo\MVVM Demo.csproj", "{C2DE56C2-18C9-4187-A67B-B0AFA7E1257B}"
EndProject
Project("{FAE04EC0-301F-11D3-BF4B-00C04F79EFBC}") = "Övning 24", "Övning 24\Övning 24.csproj", "{0AA27BED-46C0-4557-BBEA-FA4C17C00DC0}"
EndProject
Global
	GlobalSection(SolutionConfigurationPlatforms) = preSolution
		Debug|Any CPU = Debug|Any CPU
		Release|Any CPU = Release|Any CPU
	EndGlobalSection
	GlobalSection(ProjectConfigurationPlatforms) = postSolution
		{1BF3DD22-BA0F-4F64-9766-7F1E700A9BA9}.Debug|Any CPU.ActiveCfg = Debug|Any CPU
		{1BF3DD22-BA0F-4F64-9766-7F1E700A9BA9}.Debug|Any CPU.Build.0 = Debug|Any CPU
		{1BF3DD22-BA0F-4F64-9766-7F1E700A9BA9}.Release|Any CPU.ActiveCfg = Release|Any CPU
		{1BF3DD22-BA0F-4F64-9766-7F1E700A9BA9}.Release|Any CPU.Build.0 = Release|Any CPU
		{4BDC28F7-F254-4525-A15B-0BAE3DFA44FA}.Debug|Any CPU.ActiveCfg = Debug|Any CPU
		{4BDC28F7-F254-4525-A15B-0BAE3DFA44FA}.Debug|Any CPU.Build.0 = Debug|Any CPU
		{4BDC28F7-F254-4525-A15B-0BAE3DFA44FA}.Release|Any CPU.ActiveCfg = Release|Any CPU
		{4BDC28F7-F254-4525-A15B-0BAE3DFA44FA}.Release|Any CPU.Build.0 = Release|Any CPU
		{F383B6AE-8FEC-439C-80DF-E10FFD9BEB88}.Debug|Any CPU.ActiveCfg = Debug|Any CPU
		{F383B6AE-8FEC-439C-80DF-E10FFD9BEB88}.Debug|Any CPU.Build.0 = Debug|Any CPU
		{F383B6AE-8FEC-439C-80DF-E10FFD9BEB88}.Release|Any CPU.ActiveCfg = Release|Any CPU
		{F383B6AE-8FEC-439C-80DF-E10FFD9BEB88}.Release|Any CPU.Build.0 = Release|Any CPU
		{370D62CD-FDDA-4604-B369-8574194A1561}.Debug|Any CPU.ActiveCfg = Debug|Any CPU
		{370D62CD-FDDA-4604-B369-8574194A1561}.Debug|Any CPU.Build.0 = Debug|Any CPU
		{370D62CD-FDDA-4604-B369-8574194A1561}.Release|Any CPU.ActiveCfg = Release|Any CPU
		{370D62CD-FDDA-4604-B369-8574194A1561}.Release|Any CPU.Build.0 = Release|Any CPU
		{0EA9936C-E445-425D-BF90-669B00224EB6}.Debug|Any CPU.ActiveCfg = Debug|Any CPU
		{0EA9936C-E445-425D-BF90-669B00224EB6}.Debug|Any CPU.Build.0 = Debug|Any CPU
		{0EA9936C-E445-425D-BF90-669B00224EB6}.Release|Any CPU.ActiveCfg = Release|Any CPU
		{0EA9936C-E445-425D-BF90-669B00224EB6}.Release|Any CPU.Build.0 = Release|Any CPU
		{59C2E327-DEEE-47DD-8460-8F7FB921BD71}.Debug|Any CPU.ActiveCfg = Debug|Any CPU
		{59C2E327-DEEE-47DD-8460-8F7FB921BD71}.Debug|Any CPU.Build.0 = Debug|Any CPU
		{59C2E327-DEEE-47DD-8460-8F7FB921BD71}.Release|Any CPU.ActiveCfg = Release|Any CPU
		{59C2E327-DEEE-47DD-8460-8F7FB921BD71}.Release|Any CPU.Build.0 = Release|Any CPU
		{C9163233-3A5A-44F8-BC1C-4D46EFD752E7}.Debug|Any CPU.ActiveCfg = Debug|Any CPU
		{C9163233-3A5A-44F8-BC1C-4D46EFD752E7}.Debug|Any CPU.Build.0 = Debug|Any CPU
		{C9163233-3A5A-44F8-BC1C-4D46EFD752E7}.Release|Any CPU.ActiveCfg = Release|Any CPU
		{C9163233-3A5A-44F8-BC1C-4D46EFD752E7}.Release|Any CPU.Build.0 = Release|Any CPU
		{85C0B892-9AF7-4F72-ADC3-1DBB66739F07}.Debug|Any CPU.ActiveCfg = Debug|Any CPU
		{85C0B892-9AF7-4F72-ADC3-1DBB66739F07}.Debug|Any CPU.Build.0 = Debug|Any CPU
		{85C0B892-9AF7-4F72-ADC3-1DBB66739F07}.Release|Any CPU.ActiveCfg = Release|Any CPU
		{85C0B892-9AF7-4F72-ADC3-1DBB66739F07}.Release|Any CPU.Build.0 = Release|Any CPU
		{7D350C36-9B16-485E-BFC3-D1861A2DA9F2}.Debug|Any CPU.ActiveCfg = Debug|Any CPU
		{7D350C36-9B16-485E-BFC3-D1861A2DA9F2}.Debug|Any CPU.Build.0 = Debug|Any CPU
		{7D350C36-9B16-485E-BFC3-D1861A2DA9F2}.Release|Any CPU.ActiveCfg = Release|Any CPU
		{7D350C36-9B16-485E-BFC3-D1861A2DA9F2}.Release|Any CPU.Build.0 = Release|Any CPU
		{A434F313-E3C3-4C8A-BB87-B4DDE4B232C5}.Debug|Any CPU.ActiveCfg = Debug|Any CPU
		{A434F313-E3C3-4C8A-BB87-B4DDE4B232C5}.Debug|Any CPU.Build.0 = Debug|Any CPU
		{A434F313-E3C3-4C8A-BB87-B4DDE4B232C5}.Release|Any CPU.ActiveCfg = Release|Any CPU
		{A434F313-E3C3-4C8A-BB87-B4DDE4B232C5}.Release|Any CPU.Build.0 = Release|Any CPU
		{3F3D1723-80E5-4B88-8ABB-7DB13EF9EE01}.Debug|Any CPU.ActiveCfg = Debug|Any CPU
		{3F3D1723-80E5-4B88-8ABB-7DB13EF9EE01}.Debug|Any CPU.Build.0 = Debug|Any CPU
		{3F3D1723-80E5-4B88-8ABB-7DB13EF9EE01}.Release|Any CPU.ActiveCfg = Release|Any CPU
		{3F3D1723-80E5-4B88-8ABB-7DB13EF9EE01}.Release|Any CPU.Build.0 = Release|Any CPU
		{08C266B2-6552-44CF-9B97-4F5823722E5A}.Debug|Any CPU.ActiveCfg = Debug|Any CPU
		{08C266B2-6552-44CF-9B97-4F5823722E5A}.Debug|Any CPU.Build.0 = Debug|Any CPU
		{08C266B2-6552-44CF-9B97-4F5823722E5A}.Release|Any CPU.ActiveCfg = Release|Any CPU
		{08C266B2-6552-44CF-9B97-4F5823722E5A}.Release|Any CPU.Build.0 = Release|Any CPU
		{1BC975DE-BF33-4F88-A90E-9C462FCB2B7B}.Debug|Any CPU.ActiveCfg = Debug|Any CPU
		{1BC975DE-BF33-4F88-A90E-9C462FCB2B7B}.Debug|Any CPU.Build.0 = Debug|Any CPU
		{1BC975DE-BF33-4F88-A90E-9C462FCB2B7B}.Release|Any CPU.ActiveCfg = Release|Any CPU
		{1BC975DE-BF33-4F88-A90E-9C462FCB2B7B}.Release|Any CPU.Build.0 = Release|Any CPU
		{94A7E121-04BA-4CD4-B760-C46D65433FBF}.Debug|Any CPU.ActiveCfg = Debug|Any CPU
		{94A7E121-04BA-4CD4-B760-C46D65433FBF}.Debug|Any CPU.Build.0 = Debug|Any CPU
		{94A7E121-04BA-4CD4-B760-C46D65433FBF}.Release|Any CPU.ActiveCfg = Release|Any CPU
		{94A7E121-04BA-4CD4-B760-C46D65433FBF}.Release|Any CPU.Build.0 = Release|Any CPU
		{D3EDCD28-FB8B-42A2-9C9C-2FF9E5AB2890}.Debug|Any CPU.ActiveCfg = Debug|Any CPU
		{D3EDCD28-FB8B-42A2-9C9C-2FF9E5AB2890}.Debug|Any CPU.Build.0 = Debug|Any CPU
		{D3EDCD28-FB8B-42A2-9C9C-2FF9E5AB2890}.Release|Any CPU.ActiveCfg = Release|Any CPU
		{D3EDCD28-FB8B-42A2-9C9C-2FF9E5AB2890}.Release|Any CPU.Build.0 = Release|Any CPU
		{125A8F6E-48EC-4C4F-A33C-31C11976A5F0}.Debug|Any CPU.ActiveCfg = Debug|Any CPU
		{125A8F6E-48EC-4C4F-A33C-31C11976A5F0}.Debug|Any CPU.Build.0 = Debug|Any CPU
		{125A8F6E-48EC-4C4F-A33C-31C11976A5F0}.Release|Any CPU.ActiveCfg = Release|Any CPU
		{125A8F6E-48EC-4C4F-A33C-31C11976A5F0}.Release|Any CPU.Build.0 = Release|Any CPU
		{3183A029-A3E2-47CF-B4F2-497AFB5CADDF}.Debug|Any CPU.ActiveCfg = Debug|Any CPU
		{3183A029-A3E2-47CF-B4F2-497AFB5CADDF}.Debug|Any CPU.Build.0 = Debug|Any CPU
		{3183A029-A3E2-47CF-B4F2-497AFB5CADDF}.Release|Any CPU.ActiveCfg = Release|Any CPU
		{3183A029-A3E2-47CF-B4F2-497AFB5CADDF}.Release|Any CPU.Build.0 = Release|Any CPU
		{C3211A8F-5EB7-4049-BC0E-80758B7A8FBB}.Debug|Any CPU.ActiveCfg = Debug|Any CPU
		{C3211A8F-5EB7-4049-BC0E-80758B7A8FBB}.Debug|Any CPU.Build.0 = Debug|Any CPU
		{C3211A8F-5EB7-4049-BC0E-80758B7A8FBB}.Release|Any CPU.ActiveCfg = Release|Any CPU
		{C3211A8F-5EB7-4049-BC0E-80758B7A8FBB}.Release|Any CPU.Build.0 = Release|Any CPU
		{FDCF2A6F-059D-4DCC-9DDC-FDE9132B25FF}.Debug|Any CPU.ActiveCfg = Debug|Any CPU
		{FDCF2A6F-059D-4DCC-9DDC-FDE9132B25FF}.Debug|Any CPU.Build.0 = Debug|Any CPU
		{FDCF2A6F-059D-4DCC-9DDC-FDE9132B25FF}.Release|Any CPU.ActiveCfg = Release|Any CPU
		{FDCF2A6F-059D-4DCC-9DDC-FDE9132B25FF}.Release|Any CPU.Build.0 = Release|Any CPU
		{FB29A1A4-5A5E-4D55-A0ED-09E0DD27F3C0}.Debug|Any CPU.ActiveCfg = Debug|Any CPU
		{FB29A1A4-5A5E-4D55-A0ED-09E0DD27F3C0}.Debug|Any CPU.Build.0 = Debug|Any CPU
		{FB29A1A4-5A5E-4D55-A0ED-09E0DD27F3C0}.Release|Any CPU.ActiveCfg = Release|Any CPU
		{FB29A1A4-5A5E-4D55-A0ED-09E0DD27F3C0}.Release|Any CPU.Build.0 = Release|Any CPU
		{1BB610B6-B165-46E7-8DB8-04D0A41CA0FE}.Debug|Any CPU.ActiveCfg = Debug|Any CPU
		{1BB610B6-B165-46E7-8DB8-04D0A41CA0FE}.Debug|Any CPU.Build.0 = Debug|Any CPU
		{1BB610B6-B165-46E7-8DB8-04D0A41CA0FE}.Release|Any CPU.ActiveCfg = Release|Any CPU
		{1BB610B6-B165-46E7-8DB8-04D0A41CA0FE}.Release|Any CPU.Build.0 = Release|Any CPU
		{84C90E65-A2F5-4F9A-AEEC-392834369332}.Debug|Any CPU.ActiveCfg = Debug|Any CPU
		{84C90E65-A2F5-4F9A-AEEC-392834369332}.Debug|Any CPU.Build.0 = Debug|Any CPU
		{84C90E65-A2F5-4F9A-AEEC-392834369332}.Release|Any CPU.ActiveCfg = Release|Any CPU
		{84C90E65-A2F5-4F9A-AEEC-392834369332}.Release|Any CPU.Build.0 = Release|Any CPU
		{B1543EE7-28A1-4B40-8E72-3A6C309D959F}.Debug|Any CPU.ActiveCfg = Debug|Any CPU
		{B1543EE7-28A1-4B40-8E72-3A6C309D959F}.Debug|Any CPU.Build.0 = Debug|Any CPU
		{B1543EE7-28A1-4B40-8E72-3A6C309D959F}.Release|Any CPU.ActiveCfg = Release|Any CPU
		{B1543EE7-28A1-4B40-8E72-3A6C309D959F}.Release|Any CPU.Build.0 = Release|Any CPU
		{83BD0160-F452-4B80-A25C-0C073882AAA2}.Debug|Any CPU.ActiveCfg = Debug|Any CPU
		{83BD0160-F452-4B80-A25C-0C073882AAA2}.Debug|Any CPU.Build.0 = Debug|Any CPU
		{83BD0160-F452-4B80-A25C-0C073882AAA2}.Release|Any CPU.ActiveCfg = Release|Any CPU
		{83BD0160-F452-4B80-A25C-0C073882AAA2}.Release|Any CPU.Build.0 = Release|Any CPU
		{61882537-D8A2-49F4-8C96-21B6A68B9D86}.Debug|Any CPU.ActiveCfg = Debug|Any CPU
		{61882537-D8A2-49F4-8C96-21B6A68B9D86}.Debug|Any CPU.Build.0 = Debug|Any CPU
		{61882537-D8A2-49F4-8C96-21B6A68B9D86}.Release|Any CPU.ActiveCfg = Release|Any CPU
		{61882537-D8A2-49F4-8C96-21B6A68B9D86}.Release|Any CPU.Build.0 = Release|Any CPU
		{DA89C955-88C8-4CB0-803F-F6FEB500785B}.Debug|Any CPU.ActiveCfg = Debug|Any CPU
		{DA89C955-88C8-4CB0-803F-F6FEB500785B}.Debug|Any CPU.Build.0 = Debug|Any CPU
		{DA89C955-88C8-4CB0-803F-F6FEB500785B}.Release|Any CPU.ActiveCfg = Release|Any CPU
		{DA89C955-88C8-4CB0-803F-F6FEB500785B}.Release|Any CPU.Build.0 = Release|Any CPU
		{77A497A9-F274-4FE0-BAF0-05B69B32B8A1}.Debug|Any CPU.ActiveCfg = Debug|Any CPU
		{77A497A9-F274-4FE0-BAF0-05B69B32B8A1}.Debug|Any CPU.Build.0 = Debug|Any CPU
		{77A497A9-F274-4FE0-BAF0-05B69B32B8A1}.Release|Any CPU.ActiveCfg = Release|Any CPU
		{77A497A9-F274-4FE0-BAF0-05B69B32B8A1}.Release|Any CPU.Build.0 = Release|Any CPU
		{8CB06239-C535-4B0B-B3AB-A872110F8F25}.Debug|Any CPU.ActiveCfg = Debug|Any CPU
		{8CB06239-C535-4B0B-B3AB-A872110F8F25}.Debug|Any CPU.Build.0 = Debug|Any CPU
		{8CB06239-C535-4B0B-B3AB-A872110F8F25}.Release|Any CPU.ActiveCfg = Release|Any CPU
		{8CB06239-C535-4B0B-B3AB-A872110F8F25}.Release|Any CPU.Build.0 = Release|Any CPU
		{7A0C2A2F-181F-4723-9968-F2EA8E9F5E02}.Debug|Any CPU.ActiveCfg = Debug|Any CPU
		{7A0C2A2F-181F-4723-9968-F2EA8E9F5E02}.Debug|Any CPU.Build.0 = Debug|Any CPU
		{7A0C2A2F-181F-4723-9968-F2EA8E9F5E02}.Release|Any CPU.ActiveCfg = Release|Any CPU
		{7A0C2A2F-181F-4723-9968-F2EA8E9F5E02}.Release|Any CPU.Build.0 = Release|Any CPU
		{08BA3EEB-7C30-411B-933B-417E23B46C3D}.Debug|Any CPU.ActiveCfg = Debug|Any CPU
		{08BA3EEB-7C30-411B-933B-417E23B46C3D}.Debug|Any CPU.Build.0 = Debug|Any CPU
		{08BA3EEB-7C30-411B-933B-417E23B46C3D}.Release|Any CPU.ActiveCfg = Release|Any CPU
		{08BA3EEB-7C30-411B-933B-417E23B46C3D}.Release|Any CPU.Build.0 = Release|Any CPU
		{725FAEEE-D1EC-476E-BC81-4F10D5EDF49C}.Debug|Any CPU.ActiveCfg = Debug|Any CPU
		{725FAEEE-D1EC-476E-BC81-4F10D5EDF49C}.Debug|Any CPU.Build.0 = Debug|Any CPU
		{725FAEEE-D1EC-476E-BC81-4F10D5EDF49C}.Release|Any CPU.ActiveCfg = Release|Any CPU
		{725FAEEE-D1EC-476E-BC81-4F10D5EDF49C}.Release|Any CPU.Build.0 = Release|Any CPU
		{029928B6-1600-4010-BD29-72495CF6AE4B}.Debug|Any CPU.ActiveCfg = Debug|Any CPU
		{029928B6-1600-4010-BD29-72495CF6AE4B}.Debug|Any CPU.Build.0 = Debug|Any CPU
		{029928B6-1600-4010-BD29-72495CF6AE4B}.Release|Any CPU.ActiveCfg = Release|Any CPU
		{029928B6-1600-4010-BD29-72495CF6AE4B}.Release|Any CPU.Build.0 = Release|Any CPU
		{C2DE56C2-18C9-4187-A67B-B0AFA7E1257B}.Debug|Any CPU.ActiveCfg = Debug|Any CPU
		{C2DE56C2-18C9-4187-A67B-B0AFA7E1257B}.Debug|Any CPU.Build.0 = Debug|Any CPU
		{C2DE56C2-18C9-4187-A67B-B0AFA7E1257B}.Release|Any CPU.ActiveCfg = Release|Any CPU
		{C2DE56C2-18C9-4187-A67B-B0AFA7E1257B}.Release|Any CPU.Build.0 = Release|Any CPU
		{0AA27BED-46C0-4557-BBEA-FA4C17C00DC0}.Debug|Any CPU.ActiveCfg = Debug|Any CPU
		{0AA27BED-46C0-4557-BBEA-FA4C17C00DC0}.Debug|Any CPU.Build.0 = Debug|Any CPU
		{0AA27BED-46C0-4557-BBEA-FA4C17C00DC0}.Release|Any CPU.ActiveCfg = Release|Any CPU
		{0AA27BED-46C0-4557-BBEA-FA4C17C00DC0}.Release|Any CPU.Build.0 = Release|Any CPU
	EndGlobalSection
	GlobalSection(SolutionProperties) = preSolution
		HideSolutionNode = FALSE
	EndGlobalSection
	GlobalSection(ExtensibilityGlobals) = postSolution
		SolutionGuid = {7DC7CED4-8585-497D-B118-1ADFEFE3613B}
	EndGlobalSection
EndGlobal
